{
  "object": {
    "pins": [
      {
        "package": "DynamicBlurView",
        "repositoryURL": "https://github.com/everli/DynamicBlurView",
        "state": {
          "branch": "master",
          "revision": "c08712b5d5f2e0475e5c25ed9be9dd18d89d9704",
          "version": null
        }
      }
    ]
  },
  "version": 1
}
